
Microsoft Visual Studio Solution File, Format Version 12.00
# Visual Studio Version 17
VisualStudioVersion = 17.14.36109.1 d17.14
MinimumVisualStudioVersion = 10.0.40219.1
Project("{FAE04EC0-301F-11D3-BF4B-00C04F79EFBC}") = "Diziler1", "Diziler1\Diziler1.csproj", "{38C6166A-7E0C-4357-99AF-3651AFA95AB5}"
EndProject
Global
	GlobalSection(SolutionConfigurationPlatforms) = preSolution
		Debug|Any CPU = Debug|Any CPU
		Release|Any CPU = Release|Any CPU
	EndGlobalSection
	GlobalSection(ProjectConfigurationPlatforms) = postSolution
		{38C6166A-7E0C-4357-99AF-3651AFA95AB5}.Debug|Any CPU.ActiveCfg = Debug|Any CPU
		{38C6166A-7E0C-4357-99AF-3651AFA95AB5}.Debug|Any CPU.Build.0 = Debug|Any CPU
		{38C6166A-7E0C-4357-99AF-3651AFA95AB5}.Release|Any CPU.ActiveCfg = Release|Any CPU
		{38C6166A-7E0C-4357-99AF-3651AFA95AB5}.Release|Any CPU.Build.0 = Release|Any CPU
	EndGlobalSection
	GlobalSection(SolutionProperties) = preSolution
		HideSolutionNode = FALSE
	EndGlobalSection
	GlobalSection(ExtensibilityGlobals) = postSolution
		SolutionGuid = {5EB5121F-C695-49B8-B706-48EE1EECD7BB}
	EndGlobalSection
EndGlobal
